
Microsoft Visual Studio Solution File, Format Version 12.00
# Visual Studio Version 17
VisualStudioVersion = 17.6.33829.357
MinimumVisualStudioVersion = 10.0.40219.1
Project("{9A19103F-16F7-4668-BE54-9A1E7A4F7556}") = "Koala.Portal.Core", "Koala.Portal.Core\Koala.Portal.Core.csproj", "{F2AA52D0-E60C-4473-BC7D-22F5401D1CC7}"
EndProject
Project("{9A19103F-16F7-4668-BE54-9A1E7A4F7556}") = "Koala.Portal.Repository", "Koala.Portal.Repository\Koala.Portal.Repository.csproj", "{724A7C59-141C-4081-82D1-1B6A854E203F}"
EndProject
Project("{9A19103F-16F7-4668-BE54-9A1E7A4F7556}") = "Koala.Portal.Service", "Koala.Portal.Service\Koala.Portal.Service.csproj", "{3C4F2617-ABF1-495E-902B-F7FEBAAA5255}"
EndProject
Project("{2150E333-8FDC-42A3-9474-1A3956D46DE8}") = "Solution Items", "Solution Items", "{326E8323-CBF2-4FCB-826E-9367C7311CC6}"
	ProjectSection(SolutionItems) = preProject
		Notlarım.txt = Notlarım.txt
		Version Notları.txt = Version Notları.txt
	EndProjectSection
EndProject
Project("{9A19103F-16F7-4668-BE54-9A1E7A4F7556}") = "Koala.Portal.WebUI", "Koala.Portal.WebUI\Koala.Portal.WebUI.csproj", "{51FA933B-FC37-4298-BBFE-534B0D4D92FF}"
EndProject
Project("{9A19103F-16F7-4668-BE54-9A1E7A4F7556}") = "Koala.Portal.WebApi", "Koala.Portal.WebApi\Koala.Portal.WebApi.csproj", "{D299D6DA-614A-4162-8E13-DC1E6D7793DD}"
EndProject
Global
	GlobalSection(SolutionConfigurationPlatforms) = preSolution
		Debug|Any CPU = Debug|Any CPU
		Release|Any CPU = Release|Any CPU
	EndGlobalSection
	GlobalSection(ProjectConfigurationPlatforms) = postSolution
		{F2AA52D0-E60C-4473-BC7D-22F5401D1CC7}.Debug|Any CPU.ActiveCfg = Debug|Any CPU
		{F2AA52D0-E60C-4473-BC7D-22F5401D1CC7}.Debug|Any CPU.Build.0 = Debug|Any CPU
		{F2AA52D0-E60C-4473-BC7D-22F5401D1CC7}.Release|Any CPU.ActiveCfg = Release|Any CPU
		{F2AA52D0-E60C-4473-BC7D-22F5401D1CC7}.Release|Any CPU.Build.0 = Release|Any CPU
		{724A7C59-141C-4081-82D1-1B6A854E203F}.Debug|Any CPU.ActiveCfg = Debug|Any CPU
		{724A7C59-141C-4081-82D1-1B6A854E203F}.Debug|Any CPU.Build.0 = Debug|Any CPU
		{724A7C59-141C-4081-82D1-1B6A854E203F}.Release|Any CPU.ActiveCfg = Release|Any CPU
		{724A7C59-141C-4081-82D1-1B6A854E203F}.Release|Any CPU.Build.0 = Release|Any CPU
		{3C4F2617-ABF1-495E-902B-F7FEBAAA5255}.Debug|Any CPU.ActiveCfg = Debug|Any CPU
		{3C4F2617-ABF1-495E-902B-F7FEBAAA5255}.Debug|Any CPU.Build.0 = Debug|Any CPU
		{3C4F2617-ABF1-495E-902B-F7FEBAAA5255}.Release|Any CPU.ActiveCfg = Release|Any CPU
		{3C4F2617-ABF1-495E-902B-F7FEBAAA5255}.Release|Any CPU.Build.0 = Release|Any CPU
		{51FA933B-FC37-4298-BBFE-534B0D4D92FF}.Debug|Any CPU.ActiveCfg = Debug|Any CPU
		{51FA933B-FC37-4298-BBFE-534B0D4D92FF}.Debug|Any CPU.Build.0 = Debug|Any CPU
		{51FA933B-FC37-4298-BBFE-534B0D4D92FF}.Release|Any CPU.ActiveCfg = Release|Any CPU
		{51FA933B-FC37-4298-BBFE-534B0D4D92FF}.Release|Any CPU.Build.0 = Release|Any CPU
		{D299D6DA-614A-4162-8E13-DC1E6D7793DD}.Debug|Any CPU.ActiveCfg = Debug|Any CPU
		{D299D6DA-614A-4162-8E13-DC1E6D7793DD}.Debug|Any CPU.Build.0 = Debug|Any CPU
		{D299D6DA-614A-4162-8E13-DC1E6D7793DD}.Release|Any CPU.ActiveCfg = Release|Any CPU
		{D299D6DA-614A-4162-8E13-DC1E6D7793DD}.Release|Any CPU.Build.0 = Release|Any CPU
	EndGlobalSection
	GlobalSection(SolutionProperties) = preSolution
		HideSolutionNode = FALSE
	EndGlobalSection
	GlobalSection(ExtensibilityGlobals) = postSolution
		SolutionGuid = {EE748EBA-1EF5-4883-8059-1413216AD1E0}
	EndGlobalSection
EndGlobal
